
Microsoft Visual Studio Solution File, Format Version 12.00
# Visual Studio Version 17
VisualStudioVersion = 17.0.31912.275
MinimumVisualStudioVersion = 10.0.40219.1
Project("{FAE04EC0-301F-11D3-BF4B-00C04F79EFBC}") = "FootballTyperAPI", "FootballTyperAPI\FootballTyperAPI.csproj", "{3FC39305-37D2-4790-A929-4427F468D65A}"
EndProject
Global
	GlobalSection(SolutionConfigurationPlatforms) = preSolution
		Debug|Any CPU = Debug|Any CPU
		Release|Any CPU = Release|Any CPU
	EndGlobalSection
	GlobalSection(ProjectConfigurationPlatforms) = postSolution
		{3FC39305-37D2-4790-A929-4427F468D65A}.Debug|Any CPU.ActiveCfg = Debug|Any CPU
		{3FC39305-37D2-4790-A929-4427F468D65A}.Debug|Any CPU.Build.0 = Debug|Any CPU
		{3FC39305-37D2-4790-A929-4427F468D65A}.Release|Any CPU.ActiveCfg = Release|Any CPU
		{3FC39305-37D2-4790-A929-4427F468D65A}.Release|Any CPU.Build.0 = Release|Any CPU
	EndGlobalSection
	GlobalSection(SolutionProperties) = preSolution
		HideSolutionNode = FALSE
	EndGlobalSection
	GlobalSection(ExtensibilityGlobals) = postSolution
		SolutionGuid = {75085271-0E13-4F32-9A90-D2762B2163C6}
	EndGlobalSection
EndGlobal
